{
  "name": "@zerobias-org/compliance_feature-zerobias-f_spe",
  "version": "2.0.0",
  "lockfileVersion": 3,
  "requires": true,
  "packages": {
    "": {
      "name": "@zerobias-org/compliance_feature-zerobias-f_spe",
      "version": "2.0.0",
      "license": "ISC",
      "dependencies": {
        "@auditlogic/vendor-zerobias": "*"
      }
    },
    "node_modules/@auditlogic/vendor-zerobias": {
      "version": "1.0.0",
      "integrity": "sha512-+rgU3lJDY04mkQxk8jwKWtCTDVUIDxH5YitnJbp3gNecFqCIIaq6GUXH06ZMSi8pcivWMOuYilyXPYdVlmT2Gw==",
      "license": "ISC"
    }
  }
}
